
Microsoft Visual Studio Solution File, Format Version 12.00
# Visual Studio Version 17
VisualStudioVersion = 17.14.36414.22
MinimumVisualStudioVersion = 10.0.40219.1
Project("{2150E333-8FDC-42A3-9474-1A3956D46DE8}") = "Task0", "Task0", "{02EA681E-C7D8-13C7-8484-4AC65E1B71E8}"
EndProject
Project("{FAE04EC0-301F-11D3-BF4B-00C04F79EFBC}") = "Tyuiu.NesterenkoVV.Sprint4.Task0.V4", "Tyuiu.NesterenkoVV.Sprint4.Task0.V4\Tyuiu.NesterenkoVV.Sprint4.Task0.V4.csproj", "{9B690BF2-603B-477B-9794-B343A162300C}"
EndProject
Project("{FAE04EC0-301F-11D3-BF4B-00C04F79EFBC}") = "Tyuiu.NesterenkoVV.Sprint4.Task0.V4.Test", "Tyuiu.NesterenkoVV.Sprint4.Task0.V4.Test\Tyuiu.NesterenkoVV.Sprint4.Task0.V4.Test.csproj", "{BE1FE774-7581-40F3-97D8-01463853D1A2}"
EndProject
Project("{FAE04EC0-301F-11D3-BF4B-00C04F79EFBC}") = "Tyuiu.NesterenkoVV.Sprint4.Task0.V4.Lib", "Tyuiu.NesterenkoVV.Sprint4.Task0.V4.Lib\Tyuiu.NesterenkoVV.Sprint4.Task0.V4.Lib.csproj", "{8C107C04-B6CF-4841-A9FB-A9BFD6D0967B}"
EndProject
Project("{2150E333-8FDC-42A3-9474-1A3956D46DE8}") = "Task1", "Task1", "{1F0F9C20-7A5C-4313-91EF-F45AEA0977ED}"
EndProject
Project("{FAE04EC0-301F-11D3-BF4B-00C04F79EFBC}") = "Tyuiu.NesterenkoVV.Sprint4.Task1.V5", "Tyuiu.NesterenkoVV.Sprint4.Task1.V5\Tyuiu.NesterenkoVV.Sprint4.Task1.V5.csproj", "{83DC2CCB-A73D-4502-86F2-AE39DFABC385}"
EndProject
Project("{FAE04EC0-301F-11D3-BF4B-00C04F79EFBC}") = "Tyuiu.NesterenkoVV.Sprint4.Task1.V5.Test", "Tyuiu.NesterenkoVV.Sprint4.Task1.V5.Test\Tyuiu.NesterenkoVV.Sprint4.Task1.V5.Test.csproj", "{4B14C138-B8A0-4C93-A0E7-357AE94283A3}"
EndProject
Project("{FAE04EC0-301F-11D3-BF4B-00C04F79EFBC}") = "Tyuiu.NesterenkoVV.Sprint4.Task1.V5.Lib", "Tyuiu.NesterenkoVV.Sprint4.Task1.V5.Lib\Tyuiu.NesterenkoVV.Sprint4.Task1.V5.Lib.csproj", "{BECF33E8-F049-4C42-8CF9-94764E80DE84}"
EndProject
Project("{2150E333-8FDC-42A3-9474-1A3956D46DE8}") = "Task2", "Task2", "{C50BB2E1-67DE-4AD3-A9A0-2667C4F8887E}"
EndProject
Project("{FAE04EC0-301F-11D3-BF4B-00C04F79EFBC}") = "Tyuiu.NesterenkoVV.Sprint4.Task2.V5", "Tyuiu.NesterenkoVV.Sprint4.Task2.V5\Tyuiu.NesterenkoVV.Sprint4.Task2.V5.csproj", "{B31DB51D-FB3D-445B-9702-79F72DBADF8F}"
EndProject
Project("{FAE04EC0-301F-11D3-BF4B-00C04F79EFBC}") = "Tyuiu.NesterenkoVV.Sprint4.Task2.V5.Lib", "Tyuiu.NesterenkoVV.Sprint4.Task2.V5.Lib\Tyuiu.NesterenkoVV.Sprint4.Task2.V5.Lib.csproj", "{01565988-AADC-4CDE-B34E-578F6B214C27}"
EndProject
Project("{FAE04EC0-301F-11D3-BF4B-00C04F79EFBC}") = "Tyuiu.NesterenkoVV.Sprint4.Task2.V5.Test", "Tyuiu.NesterenkoVV.Sprint4.Task2.V5.Test\Tyuiu.NesterenkoVV.Sprint4.Task2.V5.Test.csproj", "{4BBEC297-B982-4D7A-9659-187979765C43}"
EndProject
Project("{2150E333-8FDC-42A3-9474-1A3956D46DE8}") = "Task3", "Task3", "{9EF90BB9-8BE5-443E-959E-A309C93B3F55}"
EndProject
Project("{FAE04EC0-301F-11D3-BF4B-00C04F79EFBC}") = "Tyuiu.NesterenkoVV.Sprint4.Task3.V24", "Tyuiu.NesterenkoVV.Sprint4.Task3.V24\Tyuiu.NesterenkoVV.Sprint4.Task3.V24.csproj", "{66F39399-624A-4E9F-A2C7-46146196A001}"
EndProject
Project("{FAE04EC0-301F-11D3-BF4B-00C04F79EFBC}") = "Tyuiu.NesterenkoVV.Sprint4.Task3.V24.Test", "Tyuiu.NesterenkoVV.Sprint4.Task3.V24.Test\Tyuiu.NesterenkoVV.Sprint4.Task3.V24.Test.csproj", "{BEFC2891-38F8-47F3-A056-D371CA62BB53}"
EndProject
Project("{FAE04EC0-301F-11D3-BF4B-00C04F79EFBC}") = "Tyuiu.NesterenkoVV.Sprint4.Task3.V24.Lib", "Tyuiu.NesterenkoVV.Sprint4.Task3.V24.Lib\Tyuiu.NesterenkoVV.Sprint4.Task3.V24.Lib.csproj", "{E0E1ADAC-76F0-48C4-A888-FDBFE2D1EEA0}"
EndProject
Project("{2150E333-8FDC-42A3-9474-1A3956D46DE8}") = "Task4", "Task4", "{A434296D-FE30-4CEF-A98C-4040B78F97D1}"
EndProject
Project("{FAE04EC0-301F-11D3-BF4B-00C04F79EFBC}") = "Tyuiu.NesterenkoVV.Sprint4.Task4.V10", "Tyuiu.NesterenkoVV.Sprint4.Task4.V10\Tyuiu.NesterenkoVV.Sprint4.Task4.V10.csproj", "{6A7F365E-07E2-49BF-88FC-1D99C71C1852}"
EndProject
Project("{FAE04EC0-301F-11D3-BF4B-00C04F79EFBC}") = "Tyuiu.NesterenkoVV.Sprint4.Task4.V10.Lib", "Tyuiu.NesterenkoVV.Sprint4.Task4.V10.Lib\Tyuiu.NesterenkoVV.Sprint4.Task4.V10.Lib.csproj", "{1AADCBB5-8538-4E27-80AC-D1C7EE7A0901}"
EndProject
Project("{FAE04EC0-301F-11D3-BF4B-00C04F79EFBC}") = "Tyuiu.NesterenkoVV.Sprint4.Task4.V10.Test", "Tyuiu.NesterenkoVV.Sprint4.Task4.V10.Test\Tyuiu.NesterenkoVV.Sprint4.Task4.V10.Test.csproj", "{B6973960-13CE-43FA-A530-D38C47A3E577}"
EndProject
Project("{2150E333-8FDC-42A3-9474-1A3956D46DE8}") = "Task5", "Task5", "{1E18EEE2-B0AE-4D20-9220-789D9635BFE3}"
EndProject
Project("{FAE04EC0-301F-11D3-BF4B-00C04F79EFBC}") = "Tyuiu.NesterenkoVV.Sprint4.Task5.V2", "Tyuiu.NesterenkoVV.Sprint4.Task5.V2\Tyuiu.NesterenkoVV.Sprint4.Task5.V2.csproj", "{B32AA648-796F-49A2-88CA-E2653F24E161}"
EndProject
Project("{FAE04EC0-301F-11D3-BF4B-00C04F79EFBC}") = "Tyuiu.NesterenkoVV.Sprint4.Task5.V2.Test", "Tyuiu.NesterenkoVV.Sprint4.Task5.V2.Test\Tyuiu.NesterenkoVV.Sprint4.Task5.V2.Test.csproj", "{C0472AB3-6DA5-4CBB-BFBE-B033384828F8}"
EndProject
Project("{FAE04EC0-301F-11D3-BF4B-00C04F79EFBC}") = "Tyuiu.NesterenkoVV.Sprint4.Task5.V2.Lib", "Tyuiu.NesterenkoVV.Sprint4.Task5.V2.Lib\Tyuiu.NesterenkoVV.Sprint4.Task5.V2.Lib.csproj", "{3C0965F8-F7C6-4AB7-AFAD-837D2350ADA8}"
EndProject
Project("{2150E333-8FDC-42A3-9474-1A3956D46DE8}") = "Task6", "Task6", "{FBE8B9E1-E66B-45E1-8BCC-F3BC8A7C5677}"
EndProject
Project("{FAE04EC0-301F-11D3-BF4B-00C04F79EFBC}") = "Tyuiu.NesterenkoVV.Sprint4.Task6.V18", "Tyuiu.NesterenkoVV.Sprint4.Task6.V18\Tyuiu.NesterenkoVV.Sprint4.Task6.V18.csproj", "{59FC954A-9FA4-4812-A451-F9B7B6F45878}"
EndProject
Project("{FAE04EC0-301F-11D3-BF4B-00C04F79EFBC}") = "Tyuiu.NesterenkoVV.Sprint4.Task6.V18.Lib", "Tyuiu.NesterenkoVV.Sprint4.Task6.V18.Lib\Tyuiu.NesterenkoVV.Sprint4.Task6.V18.Lib.csproj", "{48B76816-097A-41AE-986D-FB278ED75D4D}"
EndProject
Project("{FAE04EC0-301F-11D3-BF4B-00C04F79EFBC}") = "Tyuiu.NesterenkoVV.Sprint4.Task6.V18.Test", "Tyuiu.NesterenkoVV.Sprint4.Task6.V18.Test\Tyuiu.NesterenkoVV.Sprint4.Task6.V18.Test.csproj", "{AE90E333-7745-46E2-A1D5-14BC85883DF1}"
EndProject
Project("{2150E333-8FDC-42A3-9474-1A3956D46DE8}") = "Task7", "Task7", "{D0734DA6-076E-4088-AFED-177E56E8DA7E}"
EndProject
Project("{FAE04EC0-301F-11D3-BF4B-00C04F79EFBC}") = "Tyuiu.NesterenkoVV.Sprint4.Task7.V22", "Tyuiu.NesterenkoVV.Sprint4.Task7.V22\Tyuiu.NesterenkoVV.Sprint4.Task7.V22.csproj", "{ECDA0F45-CF3F-42C5-8A4E-772E4943EBFB}"
EndProject
Project("{FAE04EC0-301F-11D3-BF4B-00C04F79EFBC}") = "Tyuiu.NesterenkoVV.Sprint4.Task7.V22.Test", "Tyuiu.NesterenkoVV.Sprint4.Task7.V22.Test\Tyuiu.NesterenkoVV.Sprint4.Task7.V22.Test.csproj", "{7DE8D101-A036-4F52-BF34-F64821E5B952}"
EndProject
Project("{FAE04EC0-301F-11D3-BF4B-00C04F79EFBC}") = "Tyuiu.NesterenkoVV.Sprint4.Task7.V22.Lib", "Tyuiu.NesterenkoVV.Sprint4.Task7.V22.Lib\Tyuiu.NesterenkoVV.Sprint4.Task7.V22.Lib.csproj", "{1F239CB7-8023-424A-89E8-5EE868319024}"
EndProject
Global
	GlobalSection(SolutionConfigurationPlatforms) = preSolution
		Debug|Any CPU = Debug|Any CPU
		Release|Any CPU = Release|Any CPU
	EndGlobalSection
	GlobalSection(ProjectConfigurationPlatforms) = postSolution
		{9B690BF2-603B-477B-9794-B343A162300C}.Debug|Any CPU.ActiveCfg = Debug|Any CPU
		{9B690BF2-603B-477B-9794-B343A162300C}.Debug|Any CPU.Build.0 = Debug|Any CPU
		{9B690BF2-603B-477B-9794-B343A162300C}.Release|Any CPU.ActiveCfg = Release|Any CPU
		{9B690BF2-603B-477B-9794-B343A162300C}.Release|Any CPU.Build.0 = Release|Any CPU
		{BE1FE774-7581-40F3-97D8-01463853D1A2}.Debug|Any CPU.ActiveCfg = Debug|Any CPU
		{BE1FE774-7581-40F3-97D8-01463853D1A2}.Debug|Any CPU.Build.0 = Debug|Any CPU
		{BE1FE774-7581-40F3-97D8-01463853D1A2}.Release|Any CPU.ActiveCfg = Release|Any CPU
		{BE1FE774-7581-40F3-97D8-01463853D1A2}.Release|Any CPU.Build.0 = Release|Any CPU
		{8C107C04-B6CF-4841-A9FB-A9BFD6D0967B}.Debug|Any CPU.ActiveCfg = Debug|Any CPU
		{8C107C04-B6CF-4841-A9FB-A9BFD6D0967B}.Debug|Any CPU.Build.0 = Debug|Any CPU
		{8C107C04-B6CF-4841-A9FB-A9BFD6D0967B}.Release|Any CPU.ActiveCfg = Release|Any CPU
		{8C107C04-B6CF-4841-A9FB-A9BFD6D0967B}.Release|Any CPU.Build.0 = Release|Any CPU
		{83DC2CCB-A73D-4502-86F2-AE39DFABC385}.Debug|Any CPU.ActiveCfg = Debug|Any CPU
		{83DC2CCB-A73D-4502-86F2-AE39DFABC385}.Debug|Any CPU.Build.0 = Debug|Any CPU
		{83DC2CCB-A73D-4502-86F2-AE39DFABC385}.Release|Any CPU.ActiveCfg = Release|Any CPU
		{83DC2CCB-A73D-4502-86F2-AE39DFABC385}.Release|Any CPU.Build.0 = Release|Any CPU
		{4B14C138-B8A0-4C93-A0E7-357AE94283A3}.Debug|Any CPU.ActiveCfg = Debug|Any CPU
		{4B14C138-B8A0-4C93-A0E7-357AE94283A3}.Debug|Any CPU.Build.0 = Debug|Any CPU
		{4B14C138-B8A0-4C93-A0E7-357AE94283A3}.Release|Any CPU.ActiveCfg = Release|Any CPU
		{4B14C138-B8A0-4C93-A0E7-357AE94283A3}.Release|Any CPU.Build.0 = Release|Any CPU
		{BECF33E8-F049-4C42-8CF9-94764E80DE84}.Debug|Any CPU.ActiveCfg = Debug|Any CPU
		{BECF33E8-F049-4C42-8CF9-94764E80DE84}.Debug|Any CPU.Build.0 = Debug|Any CPU
		{BECF33E8-F049-4C42-8CF9-94764E80DE84}.Release|Any CPU.ActiveCfg = Release|Any CPU
		{BECF33E8-F049-4C42-8CF9-94764E80DE84}.Release|Any CPU.Build.0 = Release|Any CPU
		{B31DB51D-FB3D-445B-9702-79F72DBADF8F}.Debug|Any CPU.ActiveCfg = Debug|Any CPU
		{B31DB51D-FB3D-445B-9702-79F72DBADF8F}.Debug|Any CPU.Build.0 = Debug|Any CPU
		{B31DB51D-FB3D-445B-9702-79F72DBADF8F}.Release|Any CPU.ActiveCfg = Release|Any CPU
		{B31DB51D-FB3D-445B-9702-79F72DBADF8F}.Release|Any CPU.Build.0 = Release|Any CPU
		{01565988-AADC-4CDE-B34E-578F6B214C27}.Debug|Any CPU.ActiveCfg = Debug|Any CPU
		{01565988-AADC-4CDE-B34E-578F6B214C27}.Debug|Any CPU.Build.0 = Debug|Any CPU
		{01565988-AADC-4CDE-B34E-578F6B214C27}.Release|Any CPU.ActiveCfg = Release|Any CPU
		{01565988-AADC-4CDE-B34E-578F6B214C27}.Release|Any CPU.Build.0 = Release|Any CPU
		{4BBEC297-B982-4D7A-9659-187979765C43}.Debug|Any CPU.ActiveCfg = Debug|Any CPU
		{4BBEC297-B982-4D7A-9659-187979765C43}.Debug|Any CPU.Build.0 = Debug|Any CPU
		{4BBEC297-B982-4D7A-9659-187979765C43}.Release|Any CPU.ActiveCfg = Release|Any CPU
		{4BBEC297-B982-4D7A-9659-187979765C43}.Release|Any CPU.Build.0 = Release|Any CPU
		{66F39399-624A-4E9F-A2C7-46146196A001}.Debug|Any CPU.ActiveCfg = Debug|Any CPU
		{66F39399-624A-4E9F-A2C7-46146196A001}.Debug|Any CPU.Build.0 = Debug|Any CPU
		{66F39399-624A-4E9F-A2C7-46146196A001}.Release|Any CPU.ActiveCfg = Release|Any CPU
		{66F39399-624A-4E9F-A2C7-46146196A001}.Release|Any CPU.Build.0 = Release|Any CPU
		{BEFC2891-38F8-47F3-A056-D371CA62BB53}.Debug|Any CPU.ActiveCfg = Debug|Any CPU
		{BEFC2891-38F8-47F3-A056-D371CA62BB53}.Debug|Any CPU.Build.0 = Debug|Any CPU
		{BEFC2891-38F8-47F3-A056-D371CA62BB53}.Release|Any CPU.ActiveCfg = Release|Any CPU
		{BEFC2891-38F8-47F3-A056-D371CA62BB53}.Release|Any CPU.Build.0 = Release|Any CPU
		{E0E1ADAC-76F0-48C4-A888-FDBFE2D1EEA0}.Debug|Any CPU.ActiveCfg = Debug|Any CPU
		{E0E1ADAC-76F0-48C4-A888-FDBFE2D1EEA0}.Debug|Any CPU.Build.0 = Debug|Any CPU
		{E0E1ADAC-76F0-48C4-A888-FDBFE2D1EEA0}.Release|Any CPU.ActiveCfg = Release|Any CPU
		{E0E1ADAC-76F0-48C4-A888-FDBFE2D1EEA0}.Release|Any CPU.Build.0 = Release|Any CPU
		{6A7F365E-07E2-49BF-88FC-1D99C71C1852}.Debug|Any CPU.ActiveCfg = Debug|Any CPU
		{6A7F365E-07E2-49BF-88FC-1D99C71C1852}.Debug|Any CPU.Build.0 = Debug|Any CPU
		{6A7F365E-07E2-49BF-88FC-1D99C71C1852}.Release|Any CPU.ActiveCfg = Release|Any CPU
		{6A7F365E-07E2-49BF-88FC-1D99C71C1852}.Release|Any CPU.Build.0 = Release|Any CPU
		{1AADCBB5-8538-4E27-80AC-D1C7EE7A0901}.Debug|Any CPU.ActiveCfg = Debug|Any CPU
		{1AADCBB5-8538-4E27-80AC-D1C7EE7A0901}.Debug|Any CPU.Build.0 = Debug|Any CPU
		{1AADCBB5-8538-4E27-80AC-D1C7EE7A0901}.Release|Any CPU.ActiveCfg = Release|Any CPU
		{1AADCBB5-8538-4E27-80AC-D1C7EE7A0901}.Release|Any CPU.Build.0 = Release|Any CPU
		{B6973960-13CE-43FA-A530-D38C47A3E577}.Debug|Any CPU.ActiveCfg = Debug|Any CPU
		{B6973960-13CE-43FA-A530-D38C47A3E577}.Debug|Any CPU.Build.0 = Debug|Any CPU
		{B6973960-13CE-43FA-A530-D38C47A3E577}.Release|Any CPU.ActiveCfg = Release|Any CPU
		{B6973960-13CE-43FA-A530-D38C47A3E577}.Release|Any CPU.Build.0 = Release|Any CPU
		{B32AA648-796F-49A2-88CA-E2653F24E161}.Debug|Any CPU.ActiveCfg = Debug|Any CPU
		{B32AA648-796F-49A2-88CA-E2653F24E161}.Debug|Any CPU.Build.0 = Debug|Any CPU
		{B32AA648-796F-49A2-88CA-E2653F24E161}.Release|Any CPU.ActiveCfg = Release|Any CPU
		{B32AA648-796F-49A2-88CA-E2653F24E161}.Release|Any CPU.Build.0 = Release|Any CPU
		{C0472AB3-6DA5-4CBB-BFBE-B033384828F8}.Debug|Any CPU.ActiveCfg = Debug|Any CPU
		{C0472AB3-6DA5-4CBB-BFBE-B033384828F8}.Debug|Any CPU.Build.0 = Debug|Any CPU
		{C0472AB3-6DA5-4CBB-BFBE-B033384828F8}.Release|Any CPU.ActiveCfg = Release|Any CPU
		{C0472AB3-6DA5-4CBB-BFBE-B033384828F8}.Release|Any CPU.Build.0 = Release|Any CPU
		{3C0965F8-F7C6-4AB7-AFAD-837D2350ADA8}.Debug|Any CPU.ActiveCfg = Debug|Any CPU
		{3C0965F8-F7C6-4AB7-AFAD-837D2350ADA8}.Debug|Any CPU.Build.0 = Debug|Any CPU
		{3C0965F8-F7C6-4AB7-AFAD-837D2350ADA8}.Release|Any CPU.ActiveCfg = Release|Any CPU
		{3C0965F8-F7C6-4AB7-AFAD-837D2350ADA8}.Release|Any CPU.Build.0 = Release|Any CPU
		{59FC954A-9FA4-4812-A451-F9B7B6F45878}.Debug|Any CPU.ActiveCfg = Debug|Any CPU
		{59FC954A-9FA4-4812-A451-F9B7B6F45878}.Debug|Any CPU.Build.0 = Debug|Any CPU
		{59FC954A-9FA4-4812-A451-F9B7B6F45878}.Release|Any CPU.ActiveCfg = Release|Any CPU
		{59FC954A-9FA4-4812-A451-F9B7B6F45878}.Release|Any CPU.Build.0 = Release|Any CPU
		{48B76816-097A-41AE-986D-FB278ED75D4D}.Debug|Any CPU.ActiveCfg = Debug|Any CPU
		{48B76816-097A-41AE-986D-FB278ED75D4D}.Debug|Any CPU.Build.0 = Debug|Any CPU
		{48B76816-097A-41AE-986D-FB278ED75D4D}.Release|Any CPU.ActiveCfg = Release|Any CPU
		{48B76816-097A-41AE-986D-FB278ED75D4D}.Release|Any CPU.Build.0 = Release|Any CPU
		{AE90E333-7745-46E2-A1D5-14BC85883DF1}.Debug|Any CPU.ActiveCfg = Debug|Any CPU
		{AE90E333-7745-46E2-A1D5-14BC85883DF1}.Debug|Any CPU.Build.0 = Debug|Any CPU
		{AE90E333-7745-46E2-A1D5-14BC85883DF1}.Release|Any CPU.ActiveCfg = Release|Any CPU
		{AE90E333-7745-46E2-A1D5-14BC85883DF1}.Release|Any CPU.Build.0 = Release|Any CPU
		{ECDA0F45-CF3F-42C5-8A4E-772E4943EBFB}.Debug|Any CPU.ActiveCfg = Debug|Any CPU
		{ECDA0F45-CF3F-42C5-8A4E-772E4943EBFB}.Debug|Any CPU.Build.0 = Debug|Any CPU
		{ECDA0F45-CF3F-42C5-8A4E-772E4943EBFB}.Release|Any CPU.ActiveCfg = Release|Any CPU
		{ECDA0F45-CF3F-42C5-8A4E-772E4943EBFB}.Release|Any CPU.Build.0 = Release|Any CPU
		{7DE8D101-A036-4F52-BF34-F64821E5B952}.Debug|Any CPU.ActiveCfg = Debug|Any CPU
		{7DE8D101-A036-4F52-BF34-F64821E5B952}.Debug|Any CPU.Build.0 = Debug|Any CPU
		{7DE8D101-A036-4F52-BF34-F64821E5B952}.Release|Any CPU.ActiveCfg = Release|Any CPU
		{7DE8D101-A036-4F52-BF34-F64821E5B952}.Release|Any CPU.Build.0 = Release|Any CPU
		{1F239CB7-8023-424A-89E8-5EE868319024}.Debug|Any CPU.ActiveCfg = Debug|Any CPU
		{1F239CB7-8023-424A-89E8-5EE868319024}.Debug|Any CPU.Build.0 = Debug|Any CPU
		{1F239CB7-8023-424A-89E8-5EE868319024}.Release|Any CPU.ActiveCfg = Release|Any CPU
		{1F239CB7-8023-424A-89E8-5EE868319024}.Release|Any CPU.Build.0 = Release|Any CPU
	EndGlobalSection
	GlobalSection(SolutionProperties) = preSolution
		HideSolutionNode = FALSE
	EndGlobalSection
	GlobalSection(NestedProjects) = preSolution
		{9B690BF2-603B-477B-9794-B343A162300C} = {02EA681E-C7D8-13C7-8484-4AC65E1B71E8}
		{BE1FE774-7581-40F3-97D8-01463853D1A2} = {02EA681E-C7D8-13C7-8484-4AC65E1B71E8}
		{8C107C04-B6CF-4841-A9FB-A9BFD6D0967B} = {02EA681E-C7D8-13C7-8484-4AC65E1B71E8}
		{83DC2CCB-A73D-4502-86F2-AE39DFABC385} = {1F0F9C20-7A5C-4313-91EF-F45AEA0977ED}
		{4B14C138-B8A0-4C93-A0E7-357AE94283A3} = {1F0F9C20-7A5C-4313-91EF-F45AEA0977ED}
		{BECF33E8-F049-4C42-8CF9-94764E80DE84} = {1F0F9C20-7A5C-4313-91EF-F45AEA0977ED}
		{B31DB51D-FB3D-445B-9702-79F72DBADF8F} = {C50BB2E1-67DE-4AD3-A9A0-2667C4F8887E}
		{01565988-AADC-4CDE-B34E-578F6B214C27} = {C50BB2E1-67DE-4AD3-A9A0-2667C4F8887E}
		{4BBEC297-B982-4D7A-9659-187979765C43} = {C50BB2E1-67DE-4AD3-A9A0-2667C4F8887E}
		{66F39399-624A-4E9F-A2C7-46146196A001} = {9EF90BB9-8BE5-443E-959E-A309C93B3F55}
		{BEFC2891-38F8-47F3-A056-D371CA62BB53} = {9EF90BB9-8BE5-443E-959E-A309C93B3F55}
		{E0E1ADAC-76F0-48C4-A888-FDBFE2D1EEA0} = {9EF90BB9-8BE5-443E-959E-A309C93B3F55}
		{6A7F365E-07E2-49BF-88FC-1D99C71C1852} = {A434296D-FE30-4CEF-A98C-4040B78F97D1}
		{1AADCBB5-8538-4E27-80AC-D1C7EE7A0901} = {A434296D-FE30-4CEF-A98C-4040B78F97D1}
		{B6973960-13CE-43FA-A530-D38C47A3E577} = {A434296D-FE30-4CEF-A98C-4040B78F97D1}
		{B32AA648-796F-49A2-88CA-E2653F24E161} = {1E18EEE2-B0AE-4D20-9220-789D9635BFE3}
		{C0472AB3-6DA5-4CBB-BFBE-B033384828F8} = {1E18EEE2-B0AE-4D20-9220-789D9635BFE3}
		{3C0965F8-F7C6-4AB7-AFAD-837D2350ADA8} = {1E18EEE2-B0AE-4D20-9220-789D9635BFE3}
		{59FC954A-9FA4-4812-A451-F9B7B6F45878} = {FBE8B9E1-E66B-45E1-8BCC-F3BC8A7C5677}
		{48B76816-097A-41AE-986D-FB278ED75D4D} = {FBE8B9E1-E66B-45E1-8BCC-F3BC8A7C5677}
		{AE90E333-7745-46E2-A1D5-14BC85883DF1} = {FBE8B9E1-E66B-45E1-8BCC-F3BC8A7C5677}
		{ECDA0F45-CF3F-42C5-8A4E-772E4943EBFB} = {D0734DA6-076E-4088-AFED-177E56E8DA7E}
		{7DE8D101-A036-4F52-BF34-F64821E5B952} = {D0734DA6-076E-4088-AFED-177E56E8DA7E}
		{1F239CB7-8023-424A-89E8-5EE868319024} = {D0734DA6-076E-4088-AFED-177E56E8DA7E}
	EndGlobalSection
	GlobalSection(ExtensibilityGlobals) = postSolution
		SolutionGuid = {F73DF50B-9F51-4D4C-8113-A209EF6A1046}
	EndGlobalSection
EndGlobal
